
Microsoft Visual Studio Solution File, Format Version 12.00
# Visual Studio Version 17
VisualStudioVersion = 17.5.33414.496
MinimumVisualStudioVersion = 10.0.40219.1
Project("{FAE04EC0-301F-11D3-BF4B-00C04F79EFBC}") = "EjercicioHerencia", "EjercicioHerencia.csproj", "{86628C54-9987-4022-A5F6-A68393B939AF}"
EndProject
Global
	GlobalSection(SolutionConfigurationPlatforms) = preSolution
		Debug|Any CPU = Debug|Any CPU
		Release|Any CPU = Release|Any CPU
	EndGlobalSection
	GlobalSection(ProjectConfigurationPlatforms) = postSolution
		{86628C54-9987-4022-A5F6-A68393B939AF}.Debug|Any CPU.ActiveCfg = Debug|Any CPU
		{86628C54-9987-4022-A5F6-A68393B939AF}.Debug|Any CPU.Build.0 = Debug|Any CPU
		{86628C54-9987-4022-A5F6-A68393B939AF}.Release|Any CPU.ActiveCfg = Release|Any CPU
		{86628C54-9987-4022-A5F6-A68393B939AF}.Release|Any CPU.Build.0 = Release|Any CPU
	EndGlobalSection
	GlobalSection(SolutionProperties) = preSolution
		HideSolutionNode = FALSE
	EndGlobalSection
	GlobalSection(ExtensibilityGlobals) = postSolution
		SolutionGuid = {FB208152-639B-485D-8FA2-345A005B5AA1}
	EndGlobalSection
EndGlobal
